{
  "version": "4",
  "redirects": {
    "https://cdn.skypack.dev/-/@pdf-lib/standard-fonts@v1.0.0-Z8Dxw2SAoP39vRoTIKF1/dist=es2019,mode=types/index.d.ts": "https://cdn.skypack.dev/-/@pdf-lib/standard-fonts@v1.0.0-Z8Dxw2SAoP39vRoTIKF1/dist=es2019,mode=types/lib/index.d.ts",
    "https://cdn.skypack.dev/-/pdf-lib@v1.17.1-P8YmSI9gov9vMnrV7v2f/dist=es2019,mode=types/cjs/api/form.d.ts": "https://cdn.skypack.dev/-/pdf-lib@v1.17.1-P8YmSI9gov9vMnrV7v2f/dist=es2019,mode=types/cjs/api/form/index.d.ts",
    "https://cdn.skypack.dev/-/pdf-lib@v1.17.1-P8YmSI9gov9vMnrV7v2f/dist=es2019,mode=types/cjs/api/image.d.ts": "https://cdn.skypack.dev/-/pdf-lib@v1.17.1-P8YmSI9gov9vMnrV7v2f/dist=es2019,mode=types/cjs/api/image/index.d.ts",
    "https://cdn.skypack.dev/-/pdf-lib@v1.17.1-P8YmSI9gov9vMnrV7v2f/dist=es2019,mode=types/cjs/api/text.d.ts": "https://cdn.skypack.dev/-/pdf-lib@v1.17.1-P8YmSI9gov9vMnrV7v2f/dist=es2019,mode=types/cjs/api/text/index.d.ts",
    "https://cdn.skypack.dev/-/pdf-lib@v1.17.1-P8YmSI9gov9vMnrV7v2f/dist=es2019,mode=types/cjs/core.d.ts": "https://cdn.skypack.dev/-/pdf-lib@v1.17.1-P8YmSI9gov9vMnrV7v2f/dist=es2019,mode=types/cjs/core/index.d.ts",
    "https://cdn.skypack.dev/-/pdf-lib@v1.17.1-P8YmSI9gov9vMnrV7v2f/dist=es2019,mode=types/cjs/core/acroform.d.ts": "https://cdn.skypack.dev/-/pdf-lib@v1.17.1-P8YmSI9gov9vMnrV7v2f/dist=es2019,mode=types/cjs/core/acroform/index.d.ts",
    "https://cdn.skypack.dev/-/pdf-lib@v1.17.1-P8YmSI9gov9vMnrV7v2f/dist=es2019,mode=types/cjs/core/annotation.d.ts": "https://cdn.skypack.dev/-/pdf-lib@v1.17.1-P8YmSI9gov9vMnrV7v2f/dist=es2019,mode=types/cjs/core/annotation/index.d.ts",
    "https://cdn.skypack.dev/-/pdf-lib@v1.17.1-P8YmSI9gov9vMnrV7v2f/dist=es2019,mode=types/cjs/utils.d.ts": "https://cdn.skypack.dev/-/pdf-lib@v1.17.1-P8YmSI9gov9vMnrV7v2f/dist=es2019,mode=types/cjs/utils/index.d.ts",
    "https://esm.sh/@pdf-lib/standard-fonts@^1.0.0?target=denonext": "https://esm.sh/@pdf-lib/standard-fonts@1.0.0?target=denonext",
    "https://esm.sh/@pdf-lib/upng@^1.0.1?target=denonext": "https://esm.sh/@pdf-lib/upng@1.0.1?target=denonext",
    "https://esm.sh/@supabase/functions-js@^2.1.0?target=denonext": "https://esm.sh/@supabase/functions-js@2.4.4?target=denonext",
    "https://esm.sh/@supabase/gotrue-js@^2.23.0?target=denonext": "https://esm.sh/@supabase/gotrue-js@2.68.0?target=denonext",
    "https://esm.sh/@supabase/node-fetch@^2.6.14?target=denonext": "https://esm.sh/@supabase/node-fetch@2.6.15?target=denonext",
    "https://esm.sh/@supabase/postgrest-js@^1.1.1?target=denonext": "https://esm.sh/@supabase/postgrest-js@1.18.1?target=denonext",
    "https://esm.sh/@supabase/realtime-js@^2.7.2?target=denonext": "https://esm.sh/@supabase/realtime-js@2.11.3?target=denonext",
    "https://esm.sh/@supabase/storage-js@^2.5.1?target=denonext": "https://esm.sh/@supabase/storage-js@2.7.1?target=denonext",
    "https://esm.sh/@types/pako@~1.0.7/index.d.ts": "https://esm.sh/@types/pako@1.0.7/index.d.ts",
    "https://esm.sh/@types/ws@~8.5.13/index.d.mts": "https://esm.sh/@types/ws@8.5.14/index.d.mts",
    "https://esm.sh/ai@latest": "https://esm.sh/ai@4.1.21",
    "https://esm.sh/bufferutil@^4.0.1?target=denonext": "https://esm.sh/bufferutil@4.0.9?target=denonext",
    "https://esm.sh/build/Release/canvas.node?target=denonext": "https://esm.sh/build@0.1.4/Release/canvas.node?target=denonext",
    "https://esm.sh/canvas?target=denonext": "https://esm.sh/canvas@3.1.0?target=denonext",
    "https://esm.sh/eventsource-parser@^3.0.0/stream?target=denonext": "https://esm.sh/eventsource-parser@3.0.0/stream?target=denonext",
    "https://esm.sh/nanoid@^3.3.8/non-secure?target=denonext": "https://esm.sh/nanoid@3.3.8/non-secure?target=denonext",
    "https://esm.sh/node-gyp-build@^4.3.0?target=denonext": "https://esm.sh/node-gyp-build@4.8.4?target=denonext",
    "https://esm.sh/pako@^1.0.10?target=denonext": "https://esm.sh/pako@1.0.11?target=denonext",
    "https://esm.sh/pako@^1.0.11?target=denonext": "https://esm.sh/pako@1.0.11?target=denonext",
    "https://esm.sh/pako@^1.0.6?target=denonext": "https://esm.sh/pako@1.0.11?target=denonext",
    "https://esm.sh/path2d-polyfill?target=denonext": "https://esm.sh/path2d-polyfill@3.1.3?target=denonext",
    "https://esm.sh/secure-json-parse@^2.7.0?target=denonext": "https://esm.sh/secure-json-parse@2.7.0?target=denonext",
    "https://esm.sh/tr46@~0.0.3?target=denonext": "https://esm.sh/tr46@0.0.3?target=denonext",
    "https://esm.sh/tslib@^1.11.1?target=denonext": "https://esm.sh/tslib@1.14.1?target=denonext",
    "https://esm.sh/utf-8-validate@%3E=5.0.2?target=denonext": "https://esm.sh/utf-8-validate@6.0.5?target=denonext",
    "https://esm.sh/webidl-conversions@^3.0.0?target=denonext": "https://esm.sh/webidl-conversions@3.0.1?target=denonext",
    "https://esm.sh/whatwg-url@^5.0.0?target=denonext": "https://esm.sh/whatwg-url@5.0.0?target=denonext",
    "https://esm.sh/ws@^8.18.0?target=denonext": "https://esm.sh/ws@8.18.0?target=denonext",
    "https://esm.sh/zod-to-json-schema@^3.24.1?target=denonext": "https://esm.sh/zod-to-json-schema@3.24.1?target=denonext",
    "https://esm.sh/zod@^3.0.0?target=denonext": "https://esm.sh/zod@3.24.1?target=denonext",
    "https://esm.sh/zod@^3.24.1?target=denonext": "https://esm.sh/zod@3.24.1?target=denonext"
  },
  "remote": {
    "https://cdn.jsdelivr.net/npm/pdfjs-dist@3.11.174/+esm": "c495cdb52a3ec970b74319a2221f3d4be55bf42322357406bf8e1119bfc40019",
    "https://cdn.jsdelivr.net/npm/pdfjs-dist@3.11.174/build/pdf.min.js": "5b5799e6f8c680663207ac5b42ee14eed2a406fa7af48f50c154f0c0b1566946",
    "https://cdn.jsdelivr.net/npm/pdfjs-dist@3.11.174/build/pdf.worker.min.js": "feabdf309770ed24bba31a5467836cdc8cf639c705af27d52b585b041bb8527b",
    "https://cdn.skypack.dev/-/@pdf-lib/standard-fonts@v1.0.0-Z8Dxw2SAoP39vRoTIKF1/dist=es2019,mode=imports/optimized/@pdf-lib/standard-fonts.js": "7e7233fe50eff7cdacd5dfe148b2e8793ef2c0aacd1b09d09d74fa71ea588eac",
    "https://cdn.skypack.dev/-/@pdf-lib/upng@v1.0.1-cDyYONcMEAs6JipZyc8F/dist=es2019,mode=imports/optimized/@pdf-lib/upng.js": "c1fa7f102bc8ece5a18e22f27a18929143c4bba9735b24ea23b0b0d8eaa8cd53",
    "https://cdn.skypack.dev/-/pako@v1.0.11-HN3j6r6YXxSYMQQ5YY76/dist=es2019,mode=imports/optimized/pako.js": "cb928ba393bdb8c8b9b6509a68975a00e43780ed2424bf0c6e020890dc546e4b",
    "https://cdn.skypack.dev/-/pdf-lib@v1.17.1-P8YmSI9gov9vMnrV7v2f/dist=es2019,mode=imports/optimized/pdf-lib.js": "ce55a997148b41a520719255d57af560fd269685241031d2502f0c7583d690b2",
    "https://cdn.skypack.dev/-/tslib@v1.14.1-mWTe8wftGbG1xYC8gPyw/dist=es2019,mode=imports/optimized/tslib.js": "bde9e42ab1dee8764c8fef53a8165ab516af507bd5a6e120aae6d0922925ba74",
    "https://cdn.skypack.dev/pdf-lib?dts": "11ccb0b2660b159faec9facfc77e47ad78e1d1ee41805f007b4dd11b62095e05",
    "https://cdn.skypack.dev/pdf-lib@1.17.1?dts": "11ccb0b2660b159faec9facfc77e47ad78e1d1ee41805f007b4dd11b62095e05",
    "https://esm.sh/@ai-sdk/provider-utils@2.1.6/denonext/provider-utils.mjs": "24d59b900cc24da1a12678582088b6d8798078a3491f8153bb4c01de900e5a26",
    "https://esm.sh/@ai-sdk/provider@1.0.7/denonext/provider.mjs": "56795f51f2f8159483d247a2a4f4a38ccaa171547677a5305822bc2688db2ee1",
    "https://esm.sh/@ai-sdk/ui-utils@1.1.10/denonext/ui-utils.mjs": "e26a05a8d0210af51d2973afa2980e63e156182bdd021d52b03de019b75c5d9f",
    "https://esm.sh/@opentelemetry/api@1.9.0/denonext/api.mjs": "d9ede8bd549446ae09ea5af32de6b8b7d4ca13bcbd90eb39ae890c0fea78f618",
    "https://esm.sh/@pdf-lib/standard-fonts@1.0.0/denonext/standard-fonts.mjs": "708d496da295d425f227de54b24c0da9be34cd33f5635d9bdd355dc549b49988",
    "https://esm.sh/@pdf-lib/standard-fonts@1.0.0?target=denonext": "6831e71a173d549ea549bc8ca62160b5309cb77c41a4a34b04bc679c9bb390bf",
    "https://esm.sh/@pdf-lib/upng@1.0.1/denonext/upng.mjs": "725dab6b2d126a6cb418f24ed9bd0aa9400949cbbbe8dcb975241236fdfa2d0d",
    "https://esm.sh/@pdf-lib/upng@1.0.1?target=denonext": "0aa62a3f01d37283242d27853ae61c7e3b8e4504a80bf2f7e748efc43fb06b19",
    "https://esm.sh/@supabase/functions-js@2.4.4/denonext/functions-js.mjs": "7adeb257410ef3c4a8a1eb9b4ff416c0075d1c32860ca04913c8a9dace1de6a6",
    "https://esm.sh/@supabase/functions-js@2.4.4?target=denonext": "e2476c61b8afb50cd0987ff03900f48daa646706d6bad319c347e38870b9e72b",
    "https://esm.sh/@supabase/gotrue-js@2.68.0/denonext/gotrue-js.mjs": "dac979833c2982eb59bbc1ddd1c156bab98ec5edcade563888a48532bb4c7b9a",
    "https://esm.sh/@supabase/gotrue-js@2.68.0?target=denonext": "fe6fd72b371668f353fb32b58d2beb2de724da56b9ff0c0daa48a95bcab3949c",
    "https://esm.sh/@supabase/node-fetch@2.6.15/denonext/node-fetch.mjs": "0bae9052231f4f6dbccc7234d05ea96923dbf967be12f402764580b6bf9f713d",
    "https://esm.sh/@supabase/node-fetch@2.6.15?target=denonext": "4d28c4ad97328403184353f68434f2b6973971507919e9150297413664919cf3",
    "https://esm.sh/@supabase/postgrest-js@1.18.1/denonext/postgrest-js.mjs": "a67bfa3dc67f82d574539665c5122685e59708018397ca4f4cb261332b3363fa",
    "https://esm.sh/@supabase/postgrest-js@1.18.1?target=denonext": "1e14a362166b53017e3ffeaa5c82f363750bc3f3f9572aff7f518cb6dada80ee",
    "https://esm.sh/@supabase/realtime-js@2.11.3/denonext/realtime-js.mjs": "41136804bb97bb5e5b30575fe3db87dd2580eae82cc87b9b93df626c0856c63e",
    "https://esm.sh/@supabase/realtime-js@2.11.3?target=denonext": "a66d1db3823a6e44eccddb6b529ca199380e13a8b0246b130495ea097bbf984c",
    "https://esm.sh/@supabase/storage-js@2.7.1/denonext/storage-js.mjs": "73ac8cdc95cfcd794fe603dbd7ce06d539ab51538ae6467eabe0f9cc26c993aa",
    "https://esm.sh/@supabase/storage-js@2.7.1?target=denonext": "be9c38ac884f143a046f9fdecdf98bbeeb2dbe1ba06469a9fa991b42bfbe7d46",
    "https://esm.sh/@supabase/supabase-js@2.21.0": "f137b1c1e63db6d0b00645041d5c2b16bc8ce83109e240daacea3a080e6c8d41",
    "https://esm.sh/@supabase/supabase-js@2.21.0/denonext/supabase-js.mjs": "5f6bbdd5249b60bd82d5a3dba954d6da8f94e97e4dd0fb2125af1237f33edba1",
    "https://esm.sh/ai@4.1.21": "cdae8ecf07495fb7b83877efdaf9b5f008db36357ad4381327c4dee8ffff6cfe",
    "https://esm.sh/ai@4.1.21/denonext/ai.mjs": "aaef89c438223bb35a4bb62e3678701e26a3165c6cb438ec2394211fb9bd0dbc",
    "https://esm.sh/bufferutil@4.0.9/denonext/bufferutil.mjs": "13dca4d5bb2c68cbe119f880fa3bd785b9a81a8e02e0834dae604b4b85295cd8",
    "https://esm.sh/bufferutil@4.0.9?target=denonext": "e32574569ab438facfcc3f412c659b0719bbf05477136ca176938c9a3ac45125",
    "https://esm.sh/canvas@3.1.0/denonext/canvas.mjs": "a1d96a51177d4260fdb7137202eb5d44ed32fc5acaf2aec5a11e6e48883d1a18",
    "https://esm.sh/canvas@3.1.0?target=denonext": "6dbba5ebe918d943aff4ad57eced932791d1589bf982b3da4733ec0ca6ea36c4",
    "https://esm.sh/eventsource-parser@3.0.0/denonext/eventsource-parser.mjs": "cc472edca63f2c005be63c35c6e1703c86fa231619e872f4de0d0db776ccb1fb",
    "https://esm.sh/eventsource-parser@3.0.0/denonext/stream.mjs": "898fcadde111c0feb841bbe64e0dca8ed6f360ef177d7b29e093b1ad6bf9c500",
    "https://esm.sh/eventsource-parser@3.0.0/stream?target=denonext": "6bcb7611e1dab51cded9716580ecb40f208d89f5085d061be053d4e96c1e9f3e",
    "https://esm.sh/json-schema@0.4.0": "21a68e4e83b0441c3a90fa051c6b7c42d29926e4ff429745eebec153ac53cd7a",
    "https://esm.sh/json-schema@0.4.0/denonext/json-schema.mjs": "95225c6fc709935fca00cfc112f2ab043d204f7bd07a8aaec75b1b5f24ca8bf6",
    "https://esm.sh/nanoid@3.3.8/denonext/non-secure.mjs": "fddf4ab6510fe8b600cfa3fa6a38b05e275757135a156142d470fc7e544a600f",
    "https://esm.sh/nanoid@3.3.8/non-secure?target=denonext": "2c3c59d8330ed3c0444aebb4611325a49feec485e1e2c34af6971ead1d10e7d9",
    "https://esm.sh/node-gyp-build@4.8.4/denonext/node-gyp-build.mjs": "9a86f2d044fc77bd60aaa3d697c2ba1b818da5fb1b9aaeedec59a40b8e908803",
    "https://esm.sh/node-gyp-build@4.8.4?target=denonext": "261a6cedf1fdbf159798141ba1e2311ac1510682c5c8b55dacc8cf5fdee4aa06",
    "https://esm.sh/pako@1.0.11/denonext/pako.mjs": "c74e4cf6d33272fd034f6b17390a1bf1122d8bb28f861b6e82d9a1536b3f3105",
    "https://esm.sh/pako@1.0.11?target=denonext": "bc43f66ed245d58d468bf9867b3e9080c5b0590b4c14038ea308954490e0b2ea",
    "https://esm.sh/pdf-lib@1.17.1": "cf7c5527829cb9bbb3aa20d339c530067441c10eb98880360aea9e77c3c87ff8",
    "https://esm.sh/pdf-lib@1.17.1/denonext/es/core/annotation.mjs": "9fea26c9d06ec825c6bde7f498361fa4cf91cfa7f6c67c362c96edb812fe4619",
    "https://esm.sh/pdf-lib@1.17.1/denonext/es/utils.mjs": "cf96c5836fdd5f60eeccd53603c87b52c43c11c8b99e85f79f586be58a59f4d1",
    "https://esm.sh/pdf-lib@1.17.1/denonext/es/utils/index.mjs": "34773d399ffdacd2972f527377d293aa3bff9d3a0d31d48d956a00c9c0c32329",
    "https://esm.sh/pdf-lib@1.17.1/denonext/pdf-lib.mjs": "258fc552969ba209de12f100d170c66d1e23b88cf04d7de3cd0eaad1b212ad78",
    "https://esm.sh/pdfjs-dist@3.10.111": "c05fcc84d38e3da83bfa186b2da87515a3a0147295dd722c45797b37da5308a2",
    "https://esm.sh/pdfjs-dist@3.10.111/denonext/legacy/build/pdf.mjs": "26e3ecd800ba60e248968374b2cf875f8dce206fe80b4f5e1808b89486c8de7c",
    "https://esm.sh/pdfjs-dist@3.10.111/denonext/pdfjs-dist.mjs": "218b53bf07b40bedb7daef63f3007bb4c1363d38866066862e15b0ef77d9cb30",
    "https://esm.sh/pdfjs-dist@3.10.111/legacy/build/pdf.mjs": "9a08d519baa3d114e4d7cd7d6fad9e04c9acd293225a7ac538b229780a154175",
    "https://esm.sh/pdfjs-dist@3.11.174": "08a3c5b9bf626df182862845dc5413f228907ef6cfd40d39c3e2627d87bd7203",
    "https://esm.sh/pdfjs-dist@3.11.174/build/pdf.js": "37e5050bd0b4cd1efff1c958c017b2582858e9ef8c742464b7d40ffa423128ec",
    "https://esm.sh/pdfjs-dist@3.11.174/build/pdf.mjs": "37e5050bd0b4cd1efff1c958c017b2582858e9ef8c742464b7d40ffa423128ec",
    "https://esm.sh/pdfjs-dist@3.11.174/build/pdf.worker.mjs": "f2877af69c165e7f387358a0f40bb374e47ffe5cc659b95b70ddbae49c6cb1fa",
    "https://esm.sh/pdfjs-dist@3.11.174/denonext/build/pdf.worker.mjs": "57c3127a06789512be3d0c1704dfaa053c7b04109c04ca8c25f46163bdedc994",
    "https://esm.sh/pdfjs-dist@3.11.174/denonext/pdfjs-dist.mjs": "12c140025f9165ec05c5616420e7b7b5a3c2e29734bfd825189b407d49a023f3",
    "https://esm.sh/pdfjs-dist@3.9.179": "b7ef920cac01376da171dc144709fc397c73d6e05bdfc3a284b9b69638d62769",
    "https://esm.sh/pdfjs-dist@3.9.179/build/pdf.js": "15e55fb5aef35617f9e80cea18b8390aa3a0ba58ec470df57b6500cc31323238",
    "https://esm.sh/pdfjs-dist@3.9.179/denonext/legacy/build/pdf.mjs": "23e1396d35898586efc889c32196293480086afbc70a54923183edd81251d05f",
    "https://esm.sh/pdfjs-dist@3.9.179/denonext/pdfjs-dist.mjs": "acc93cf8f0884ee807a02fc348ee1325202f39d42533d895ed5ffb2833d2c727",
    "https://esm.sh/pdfjs-dist@3.9.179/legacy/build/pdf.mjs": "be27dda6490a9ea6c3b5ba0008f249405300e41736e1ac04052386a357b8eed4",
    "https://esm.sh/pdfjs-dist@4.10.38": "cd6a1e29c9703fb61eca1c038ebc43a26970f749b57230d4ac56e0d35f3ac7b8",
    "https://esm.sh/pdfjs-dist@4.10.38/denonext/pdfjs-dist.mjs": "343831676f891e1e63abd8eac91833f1480f72686c399353e3804936f3bb61fd",
    "https://esm.sh/secure-json-parse@2.7.0/denonext/secure-json-parse.mjs": "bb9840bcb6fdce5857d7412b4c4e272b70044efac66a58cc78d8c97bdb56786d",
    "https://esm.sh/secure-json-parse@2.7.0?target=denonext": "00b85213b6c18313c3de9c07941e27f9666f8c601818c221775a4f744430f89f",
    "https://esm.sh/tr46@0.0.3/denonext/tr46.mjs": "5753ec0a99414f4055f0c1f97691100f13d88e48a8443b00aebb90a512785fa2",
    "https://esm.sh/tr46@0.0.3?target=denonext": "19cb9be0f0d418a0c3abb81f2df31f080e9540a04e43b0f699bce1149cba0cbb",
    "https://esm.sh/tslib@1.14.1/denonext/tslib.mjs": "748739307d67fbaa8ae634eed70715714dd1f54f04fe8635bcb7f72cb0aaed62",
    "https://esm.sh/tslib@1.14.1?target=denonext": "2982231d9e09e6f007540c7a24c12a7cccb0e84ca98df2ad86ff2bdca1c0fa35",
    "https://esm.sh/utf-8-validate@6.0.5/denonext/utf-8-validate.mjs": "66b8ea532a0c745068f5b96ddb1bae332c3036703243541d2e89e66331974d98",
    "https://esm.sh/utf-8-validate@6.0.5?target=denonext": "071bc33ba1a58297e23a34d69dd589fd06df04b0f373b382ff5da544a623f271",
    "https://esm.sh/webidl-conversions@3.0.1/denonext/webidl-conversions.mjs": "54b5c2d50a294853c4ccebf9d5ed8988c94f4e24e463d84ec859a866ea5fafec",
    "https://esm.sh/webidl-conversions@3.0.1?target=denonext": "4e20318d50528084616c79d7b3f6e7f0fe7b6d09013bd01b3974d7448d767e29",
    "https://esm.sh/whatwg-url@5.0.0/denonext/whatwg-url.mjs": "29b16d74ee72624c915745bbd25b617cfd2248c6af0f5120d131e232a9a9af79",
    "https://esm.sh/whatwg-url@5.0.0?target=denonext": "f001a2cadf81312d214ca330033f474e74d81a003e21e8c5d70a1f46dc97b02d",
    "https://esm.sh/ws@8.18.0/denonext/ws.mjs": "8dc628278869d8802a2740beaa6f122b2e159d05d85746cdd647a3d3ffdd3e19",
    "https://esm.sh/ws@8.18.0?target=denonext": "6c20bf923e7287b70e706eb731195e073f7693a9c89d050aceb7cc51804865d4",
    "https://esm.sh/zod-to-json-schema@3.24.1/denonext/zod-to-json-schema.mjs": "e06c331ee78571bd1231453c23cfb6ffdb66b421fa2be04abe093f0478a894ca",
    "https://esm.sh/zod-to-json-schema@3.24.1?target=denonext": "81ec2eb2fb6ec876c9cae8fdbebf2cf7d28170b742c5b63fe63572ce594b9bea",
    "https://esm.sh/zod@3.24.1/denonext/zod.mjs": "32cf72ac44d794592028cb8e423d1f0c80525c49acf01f702c7dc6195b94eda3",
    "https://esm.sh/zod@3.24.1?target=denonext": "d8f5c6cf2c4ed543003211dcd9278e94544788f5cb36549ee0490dd27238fe82"
  },
  "workspace": {
    "packageJson": {
      "dependencies": [
        "npm:@radix-ui/react-slot@^1.0.2",
        "npm:@radix-ui/react-toast@^1.1.5",
        "npm:@supabase/auth-helpers-nextjs@latest",
        "npm:@supabase/functions-js@^2.4.4",
        "npm:@supabase/supabase-js@latest",
        "npm:@tanstack/react-query@^4.35.7",
        "npm:@types/node@20.3.1",
        "npm:@types/react-dom@18.2.5",
        "npm:@types/react@18.2.12",
        "npm:@xenova/transformers@^2.6.2",
        "npm:ai@^2.2.14",
        "npm:autoprefixer@10.4.15",
        "npm:class-variance-authority@0.7",
        "npm:clsx@2",
        "npm:encoding@~0.1.13",
        "npm:lucide-react@0.284",
        "npm:next@latest",
        "npm:postcss@8.4.29",
        "npm:react-dom@18.2.0",
        "npm:react@18.2.0",
        "npm:supabase@^1.163.2",
        "npm:tailwind-merge@^1.14.0",
        "npm:tailwindcss-animate@^1.0.7",
        "npm:tailwindcss@3.3.3",
        "npm:three-dots@~0.3.2",
        "npm:typescript@5.1.3"
      ]
    }
  }
}
